{
    "_meta": {
        "hash": {
            "sha256": "4f3531d6b5c5f8be031ff8a1a1571362faedeb58546105a39448d7e1b912786a"
        },
        "host-environment-markers": {
            "implementation_name": "cpython",
            "implementation_version": "3.6.4",
            "os_name": "posix",
            "platform_machine": "x86_64",
            "platform_python_implementation": "CPython",
            "platform_release": "17.5.0",
            "platform_system": "Darwin",
            "platform_version": "Darwin Kernel Version 17.5.0: Fri Apr 13 19:32:32 PDT 2018; root:xnu-4570.51.2~1/RELEASE_X86_64",
            "python_full_version": "3.6.4",
            "python_version": "3.6",
            "sys_platform": "darwin"
        },
        "pipfile-spec": 6,
        "requires": {
            "python_version": "3.6"
        },
        "sources": [
            {
                "name": "pypi",
                "url": "https://pypi.org/simple",
                "verify_ssl": true
            }
        ]
    },
    "default": {
        "certifi": {
            "hashes": [],
            "version": "==2018.4.16"
        },
        "chardet": {
            "hashes": [],
            "version": "==3.0.4"
        },
        "idna": {
            "hashes": [],
            "version": "==2.6"
        },
        "requests": {
            "hashes": [],
            "version": "==2.18.4"
        },
        "urllib3": {
            "hashes": [],
            "version": "==1.22"
        }
    },
    "develop": {
        "configparser": {
            "hashes": [],
            "markers": "python_version < '3.2'",
            "version": "==3.5.0"
        },
        "enum34": {
            "hashes": [],
            "markers": "python_version < '3.4'",
            "version": "==1.1.6"
        },
        "flake8": {
            "hashes": [],
            "version": "==3.5.0"
        },
        "mccabe": {
            "hashes": [],
            "version": "==0.6.1"
        },
        "pycodestyle": {
            "hashes": [],
            "version": "==2.3.1"
        },
        "pyflakes": {
            "hashes": [],
            "version": "==1.6.0"
        }
    }
}
